// !$*UTF8*$!
{
	archiveVersion = 1;
	classes = {
	};
	objectVersion = 50;
	objects = {

/* Begin PBXBuildFile section */
		DEAF7D2D231D6EE60012D769 /* AppDelegate.swift in Sources */ = {isa = PBXBuildFile; fileRef = DEAF7D2C231D6EE60012D769 /* AppDelegate.swift */; };
		DEAF7D2F231D6EE60012D769 /* SceneDelegate.swift in Sources */ = {isa = PBXBuildFile; fileRef = DEAF7D2E231D6EE60012D769 /* SceneDelegate.swift */; };
		DEAF7D32231D6EE60012D769 /* OrderedList.xcdatamodeld in Sources */ = {isa = PBXBuildFile; fileRef = DEAF7D30231D6EE60012D769 /* OrderedList.xcdatamodeld */; };
		DEAF7D34231D6EE60012D769 /* ContentView.swift in Sources */ = {isa = PBXBuildFile; fileRef = DEAF7D33231D6EE60012D769 /* ContentView.swift */; };
		DEAF7D36231D6EE70012D769 /* Assets.xcassets in Resources */ = {isa = PBXBuildFile; fileRef = DEAF7D35231D6EE70012D769 /* Assets.xcassets */; };
		DEAF7D39231D6EE70012D769 /* Preview Assets.xcassets in Resources */ = {isa = PBXBuildFile; fileRef = DEAF7D38231D6EE70012D769 /* Preview Assets.xcassets */; };
		DEAF7D3C231D6EE70012D769 /* LaunchScreen.storyboard in Resources */ = {isa = PBXBuildFile; fileRef = DEAF7D3A231D6EE70012D769 /* LaunchScreen.storyboard */; };
		DEAF7D44231D6F6A0012D769 /* ListItem.swift in Sources */ = {isa = PBXBuildFile; fileRef = DEAF7D43231D6F6A0012D769 /* ListItem.swift */; };
/* End PBXBuildFile section */

/* Begin PBXFileReference section */
		DEAF7D29231D6EE60012D769 /* OrderedList.app */ = {isa = PBXFileReference; explicitFileType = wrapper.application; includeInIndex = 0; path = OrderedList.app; sourceTree = BUILT_PRODUCTS_DIR; };
		DEAF7D2C231D6EE60012D769 /* AppDelegate.swift */ = {isa = PBXFileReference; lastKnownFileType = sourcecode.swift; path = AppDelegate.swift; sourceTree = "<group>"; };
		DEAF7D2E231D6EE60012D769 /* SceneDelegate.swift */ = {isa = PBXFileReference; lastKnownFileType = sourcecode.swift; path = SceneDelegate.swift; sourceTree = "<group>"; };
		DEAF7D31231D6EE60012D769 /* OrderedList.xcdatamodel */ = {isa = PBXFileReference; lastKnownFileType = wrapper.xcdatamodel; path = OrderedList.xcdatamodel; sourceTree = "<group>"; };
		DEAF7D33231D6EE60012D769 /* ContentView.swift */ = {isa = PBXFileReference; lastKnownFileType = sourcecode.swift; path = ContentView.swift; sourceTree = "<group>"; };
		DEAF7D35231D6EE70012D769 /* Assets.xcassets */ = {isa = PBXFileReference; lastKnownFileType = folder.assetcatalog; path = Assets.xcassets; sourceTree = "<group>"; };
		DEAF7D38231D6EE70012D769 /* Preview Assets.xcassets */ = {isa = PBXFileReference; lastKnownFileType = folder.assetcatalog; path = "Preview Assets.xcassets"; sourceTree = "<group>"; };
		DEAF7D3B231D6EE70012D769 /* Base */ = {isa = PBXFileReference; lastKnownFileType = file.storyboard; name = Base; path = Base.lproj/LaunchScreen.storyboard; sourceTree = "<group>"; };
		DEAF7D3D231D6EE70012D769 /* Info.plist */ = {isa = PBXFileReference; lastKnownFileType = text.plist.xml; path = Info.plist; sourceTree = "<group>"; };
		DEAF7D43231D6F6A0012D769 /* ListItem.swift */ = {isa = PBXFileReference; lastKnownFileType = sourcecode.swift; path = ListItem.swift; sourceTree = "<group>"; };
/* End PBXFileReference section */

/* Begin PBXFrameworksBuildPhase section */
		DEAF7D26231D6EE60012D769 /* Frameworks */ = {
			isa = PBXFrameworksBuildPhase;
			buildActionMask = 2147483647;
			files = (
			);
			runOnlyForDeploymentPostprocessing = 0;
		};
/* End PBXFrameworksBuildPhase section */

/* Begin PBXGroup section */
		DEAF7D20231D6EE60012D769 = {
			isa = PBXGroup;
			children = (
				DEAF7D2B231D6EE60012D769 /* OrderedList */,
				DEAF7D2A231D6EE60012D769 /* Products */,
			);
			sourceTree = "<group>";
		};
		DEAF7D2A231D6EE60012D769 /* Products */ = {
			isa = PBXGroup;
			children = (
				DEAF7D29231D6EE60012D769 /* OrderedList.app */,
			);
			name = Products;
			sourceTree = "<group>";
		};
		DEAF7D2B231D6EE60012D769 /* OrderedList */ = {
			isa = PBXGroup;
			children = (
				DEAF7D2C231D6EE60012D769 /* AppDelegate.swift */,
				DEAF7D2E231D6EE60012D769 /* SceneDelegate.swift */,
				DEAF7D33231D6EE60012D769 /* ContentView.swift */,
				DEAF7D35231D6EE70012D769 /* Assets.xcassets */,
				DEAF7D3A231D6EE70012D769 /* LaunchScreen.storyboard */,
				DEAF7D3D231D6EE70012D769 /* Info.plist */,
				DEAF7D30231D6EE60012D769 /* OrderedList.xcdatamodeld */,
				DEAF7D37231D6EE70012D769 /* Preview Content */,
				DEAF7D43231D6F6A0012D769 /* ListItem.swift */,
			);
			path = OrderedList;
			sourceTree = "<group>";
		};
		DEAF7D37231D6EE70012D769 /* Preview Content */ = {
			isa = PBXGroup;
			children = (
				DEAF7D38231D6EE70012D769 /* Preview Assets.xcassets */,
			);
			path = "Preview Content";
			sourceTree = "<group>";
		};
/* End PBXGroup section */

/* Begin PBXNativeTarget section */
		DEAF7D28231D6EE60012D769 /* OrderedList */ = {
			isa = PBXNativeTarget;
			buildConfigurationList = DEAF7D40231D6EE70012D769 /* Build configuration list for PBXNativeTarget "OrderedList" */;
			buildPhases = (
				DEAF7D25231D6EE60012D769 /* Sources */,
				DEAF7D26231D6EE60012D769 /* Frameworks */,
				DEAF7D27231D6EE60012D769 /* Resources */,
			);
			buildRules = (
			);
			dependencies = (
			);
			name = OrderedList;
			productName = OrderedList;
			productReference = DEAF7D29231D6EE60012D769 /* OrderedList.app */;
			productType = "com.apple.product-type.application";
		};
/* End PBXNativeTarget section */

/* Begin PBXProject section */
		DEAF7D21231D6EE60012D769 /* Project object */ = {
			isa = PBXProject;
			attributes = {
				LastSwiftUpdateCheck = 1100;
				LastUpgradeCheck = 1100;
				ORGANIZATIONNAME = SchwiftyUI;
				TargetAttributes = {
					DEAF7D28231D6EE60012D769 = {
						CreatedOnToolsVersion = 11.0;
					};
				};
			};
			buildConfigurationList = DEAF7D24231D6EE60012D769 /* Build configuration list for PBXProject "OrderedList" */;
			compatibilityVersion = "Xcode 9.3";
			developmentRegion = en;
			hasScannedForEncodings = 0;
			knownRegions = (
				en,
				Base,
			);
			mainGroup = DEAF7D20231D6EE60012D769;
			productRefGroup = DEAF7D2A231D6EE60012D769 /* Products */;
			projectDirPath = "";
			projectRoot = "";
			targets = (
				DEAF7D28231D6EE60012D769 /* OrderedList */,
			);
		};
/* End PBXProject section */

/* Begin PBXResourcesBuildPhase section */
		DEAF7D27231D6EE60012D769 /* Resources */ = {
			isa = PBXResourcesBuildPhase;
			buildActionMask = 2147483647;
			files = (
				DEAF7D3C231D6EE70012D769 /* LaunchScreen.storyboard in Resources */,
				DEAF7D39231D6EE70012D769 /* Preview Assets.xcassets in Resources */,
				DEAF7D36231D6EE70012D769 /* Assets.xcassets in Resources */,
			);
			runOnlyForDeploymentPostprocessing = 0;
		};
/* End PBXResourcesBuildPhase section */

/* Begin PBXSourcesBuildPhase section */
		DEAF7D25231D6EE60012D769 /* Sources */ = {
			isa = PBXSourcesBuildPhase;
			buildActionMask = 2147483647;
			files = (
				DEAF7D44231D6F6A0012D769 /* ListItem.swift in Sources */,
				DEAF7D2D231D6EE60012D769 /* AppDelegate.swift in Sources */,
				DEAF7D32231D6EE60012D769 /* OrderedList.xcdatamodeld in Sources */,
				DEAF7D34231D6EE60012D769 /* ContentView.swift in Sources */,
				DEAF7D2F231D6EE60012D769 /* SceneDelegate.swift in Sources */,
			);
			runOnlyForDeploymentPostprocessing = 0;
		};
/* End PBXSourcesBuildPhase section */

/* Begin PBXVariantGroup section */
		DEAF7D3A231D6EE70012D769 /* LaunchScreen.storyboard */ = {
			isa = PBXVariantGroup;
			children = (
				DEAF7D3B231D6EE70012D769 /* Base */,
			);
			name = LaunchScreen.storyboard;
			sourceTree = "<group>";
		};
/* End PBXVariantGroup section */

/* Begin XCBuildConfiguration section */
		DEAF7D3E231D6EE70012D769 /* Debug */ = {
			isa = XCBuildConfiguration;
			buildSettings = {
				ALWAYS_SEARCH_USER_PATHS = NO;
				CLANG_ANALYZER_NONNULL = YES;
				CLANG_ANALYZER_NUMBER_OBJECT_CONVERSION = YES_AGGRESSIVE;
				CLANG_CXX_LANGUAGE_STANDARD = "gnu++14";
				CLANG_CXX_LIBRARY = "libc++";
				CLANG_ENABLE_MODULES = YES;
				CLANG_ENABLE_OBJC_ARC = YES;
				CLANG_ENABLE_OBJC_WEAK = YES;
				CLANG_WARN_BLOCK_CAPTURE_AUTORELEASING = YES;
				CLANG_WARN_BOOL_CONVERSION = YES;
				CLANG_WARN_COMMA = YES;
				CLANG_WARN_CONSTANT_CONVERSION = YES;
				CLANG_WARN_DEPRECATED_OBJC_IMPLEMENTATIONS = YES;
				CLANG_WARN_DIRECT_OBJC_ISA_USAGE = YES_ERROR;
				CLANG_WARN_DOCUMENTATION_COMMENTS = YES;
				CLANG_WARN_EMPTY_BODY = YES;
				CLANG_WARN_ENUM_CONVERSION = YES;
				CLANG_WARN_INFINITE_RECURSION = YES;
				CLANG_WARN_INT_CONVERSION = YES;
				CLANG_WARN_NON_LITERAL_NULL_CONVERSION = YES;
				CLANG_WARN_OBJC_IMPLICIT_RETAIN_SELF = YES;
				CLANG_WARN_OBJC_LITERAL_CONVERSION = YES;
				CLANG_WARN_OBJC_ROOT_CLASS = YES_ERROR;
				CLANG_WARN_RANGE_LOOP_ANALYSIS = YES;
				CLANG_WARN_STRICT_PROTOTYPES = YES;
				CLANG_WARN_SUSPICIOUS_MOVE = YES;
				CLANG_WARN_UNGUARDED_AVAILABILITY = YES_AGGRESSIVE;
				CLANG_WARN_UNREACHABLE_CODE = YES;
				CLANG_WARN__DUPLICATE_METHOD_MATCH = YES;
				COPY_PHASE_STRIP = NO;
				DEBUG_INFORMATION_FORMAT = dwarf;
				ENABLE_STRICT_OBJC_MSGSEND = YES;
				ENABLE_TESTABILITY = YES;
				GCC_C_LANGUAGE_STANDARD = gnu11;
				GCC_DYNAMIC_NO_PIC = NO;
				GCC_NO_COMMON_BLOCKS = YES;
				GCC_OPTIMIZATION_LEVEL = 0;
				GCC_PREPROCESSOR_DEFINITIONS = (
					"DEBUG=1",
					"$(inherited)",
				);
				GCC_WARN_64_TO_32_BIT_CONVERSION = YES;
				GCC_WARN_ABOUT_RETURN_TYPE = YES_ERROR;
				GCC_WARN_UNDECLARED_SELECTOR = YES;
				GCC_WARN_UNINITIALIZED_AUTOS = YES_AGGRESSIVE;
				GCC_WARN_UNUSED_FUNCTION = YES;
				GCC_WARN_UNUSED_VARIABLE = YES;
				IPHONEOS_DEPLOYMENT_TARGET = 13.0;
				MTL_ENABLE_DEBUG_INFO = INCLUDE_SOURCE;
				MTL_FAST_MATH = YES;
				ONLY_ACTIVE_ARCH = YES;
				SDKROOT = iphoneos;
				SWIFT_ACTIVE_COMPILATION_CONDITIONS = DEBUG;
				SWIFT_OPTIMIZATION_LEVEL = "-Onone";
			};
			name = Debug;
		};
		DEAF7D3F231D6EE70012D769 /* Release */ = {
			isa = XCBuildConfiguration;
			buildSettings = {
				ALWAYS_SEARCH_USER_PATHS = NO;
				CLANG_ANALYZER_NONNULL = YES;
				CLANG_ANALYZER_NUMBER_OBJECT_CONVERSION = YES_AGGRESSIVE;
				CLANG_CXX_LANGUAGE_STANDARD = "gnu++14";
				CLANG_CXX_LIBRARY = "libc++";
				CLANG_ENABLE_MODULES = YES;
				CLANG_ENABLE_OBJC_ARC = YES;
				CLANG_ENABLE_OBJC_WEAK = YES;
				CLANG_WARN_BLOCK_CAPTURE_AUTORELEASING = YES;
				CLANG_WARN_BOOL_CONVERSION = YES;
				CLANG_WARN_COMMA = YES;
				CLANG_WARN_CONSTANT_CONVERSION = YES;
				CLANG_WARN_DEPRECATED_OBJC_IMPLEMENTATIONS = YES;
				CLANG_WARN_DIRECT_OBJC_ISA_USAGE = YES_ERROR;
				CLANG_WARN_DOCUMENTATION_COMMENTS = YES;
				CLANG_WARN_EMPTY_BODY = YES;
				CLANG_WARN_ENUM_CONVERSION = YES;
				CLANG_WARN_INFINITE_RECURSION = YES;
				CLANG_WARN_INT_CONVERSION = YES;
				CLANG_WARN_NON_LITERAL_NULL_CONVERSION = YES;
				CLANG_WARN_OBJC_IMPLICIT_RETAIN_SELF = YES;
				CLANG_WARN_OBJC_LITERAL_CONVERSION = YES;
				CLANG_WARN_OBJC_ROOT_CLASS = YES_ERROR;
				CLANG_WARN_RANGE_LOOP_ANALYSIS = YES;
				CLANG_WARN_STRICT_PROTOTYPES = YES;
				CLANG_WARN_SUSPICIOUS_MOVE = YES;
				CLANG_WARN_UNGUARDED_AVAILABILITY = YES_AGGRESSIVE;
				CLANG_WARN_UNREACHABLE_CODE = YES;
				CLANG_WARN__DUPLICATE_METHOD_MATCH = YES;
				COPY_PHASE_STRIP = NO;
				DEBUG_INFORMATION_FORMAT = "dwarf-with-dsym";
				ENABLE_NS_ASSERTIONS = NO;
				ENABLE_STRICT_OBJC_MSGSEND = YES;
				GCC_C_LANGUAGE_STANDARD = gnu11;
				GCC_NO_COMMON_BLOCKS = YES;
				GCC_WARN_64_TO_32_BIT_CONVERSION = YES;
				GCC_WARN_ABOUT_RETURN_TYPE = YES_ERROR;
				GCC_WARN_UNDECLARED_SELECTOR = YES;
				GCC_WARN_UNINITIALIZED_AUTOS = YES_AGGRESSIVE;
				GCC_WARN_UNUSED_FUNCTION = YES;
				GCC_WARN_UNUSED_VARIABLE = YES;
				IPHONEOS_DEPLOYMENT_TARGET = 13.0;
				MTL_ENABLE_DEBUG_INFO = NO;
				MTL_FAST_MATH = YES;
				SDKROOT = iphoneos;
				SWIFT_COMPILATION_MODE = wholemodule;
				SWIFT_OPTIMIZATION_LEVEL = "-O";
				VALIDATE_PRODUCT = YES;
			};
			name = Release;
		};
		DEAF7D41231D6EE70012D769 /* Debug */ = {
			isa = XCBuildConfiguration;
			buildSettings = {
				ASSETCATALOG_COMPILER_APPICON_NAME = AppIcon;
				CODE_SIGN_STYLE = Automatic;
				DEVELOPMENT_ASSET_PATHS = "\"OrderedList/Preview Content\"";
				ENABLE_PREVIEWS = YES;
				INFOPLIST_FILE = OrderedList/Info.plist;
				LD_RUNPATH_SEARCH_PATHS = (
					"$(inherited)",
					"@executable_path/Frameworks",
				);
				PRODUCT_BUNDLE_IDENTIFIER = com.SchwiftyUI.OrderedList;
				PRODUCT_NAME = "$(TARGET_NAME)";
				SWIFT_VERSION = 5.0;
				TARGETED_DEVICE_FAMILY = "1,2";
			};
			name = Debug;
		};
		DEAF7D42231D6EE70012D769 /* Release */ = {
			isa = XCBuildConfiguration;
			buildSettings = {
				ASSETCATALOG_COMPILER_APPICON_NAME = AppIcon;
				CODE_SIGN_STYLE = Automatic;
				DEVELOPMENT_ASSET_PATHS = "\"OrderedList/Preview Content\"";
				ENABLE_PREVIEWS = YES;
				INFOPLIST_FILE = OrderedList/Info.plist;
				LD_RUNPATH_SEARCH_PATHS = (
					"$(inherited)",
					"@executable_path/Frameworks",
				);
				PRODUCT_BUNDLE_IDENTIFIER = com.SchwiftyUI.OrderedList;
				PRODUCT_NAME = "$(TARGET_NAME)";
				SWIFT_VERSION = 5.0;
				TARGETED_DEVICE_FAMILY = "1,2";
			};
			name = Release;
		};
/* End XCBuildConfiguration section */

/* Begin XCConfigurationList section */
		DEAF7D24231D6EE60012D769 /* Build configuration list for PBXProject "OrderedList" */ = {
			isa = XCConfigurationList;
			buildConfigurations = (
				DEAF7D3E231D6EE70012D769 /* Debug */,
				DEAF7D3F231D6EE70012D769 /* Release */,
			);
			defaultConfigurationIsVisible = 0;
			defaultConfigurationName = Release;
		};
		DEAF7D40231D6EE70012D769 /* Build configuration list for PBXNativeTarget "OrderedList" */ = {
			isa = XCConfigurationList;
			buildConfigurations = (
				DEAF7D41231D6EE70012D769 /* Debug */,
				DEAF7D42231D6EE70012D769 /* Release */,
			);
			defaultConfigurationIsVisible = 0;
			defaultConfigurationName = Release;
		};
/* End XCConfigurationList section */

/* Begin XCVersionGroup section */
		DEAF7D30231D6EE60012D769 /* OrderedList.xcdatamodeld */ = {
			isa = XCVersionGroup;
			children = (
				DEAF7D31231D6EE60012D769 /* OrderedList.xcdatamodel */,
			);
			currentVersion = DEAF7D31231D6EE60012D769 /* OrderedList.xcdatamodel */;
			path = OrderedList.xcdatamodeld;
			sourceTree = "<group>";
			versionGroupType = wrapper.xcdatamodel;
		};
/* End XCVersionGroup section */
	};
	rootObject = DEAF7D21231D6EE60012D769 /* Project object */;
}
